
Microsoft Visual Studio Solution File, Format Version 12.00
# Visual Studio Version 17
VisualStudioVersion = 17.13.35825.156
MinimumVisualStudioVersion = 10.0.40219.1
Project("{FAE04EC0-301F-11D3-BF4B-00C04F79EFBC}") = "Lab 3.1", "Lab 3.1\Lab 3.1.csproj", "{9100AD84-73F1-4FB3-9A45-54290435B42A}"
EndProject
Project("{FAE04EC0-301F-11D3-BF4B-00C04F79EFBC}") = "View", "..\Projects\pract1\pract1\View.csproj", "{90C06EC2-138A-4122-7D11-C7025E54EF49}"
EndProject
Global
	GlobalSection(SolutionConfigurationPlatforms) = preSolution
		Debug|Any CPU = Debug|Any CPU
		Release|Any CPU = Release|Any CPU
	EndGlobalSection
	GlobalSection(ProjectConfigurationPlatforms) = postSolution
		{9100AD84-73F1-4FB3-9A45-54290435B42A}.Debug|Any CPU.ActiveCfg = Debug|Any CPU
		{9100AD84-73F1-4FB3-9A45-54290435B42A}.Debug|Any CPU.Build.0 = Debug|Any CPU
		{9100AD84-73F1-4FB3-9A45-54290435B42A}.Release|Any CPU.ActiveCfg = Release|Any CPU
		{9100AD84-73F1-4FB3-9A45-54290435B42A}.Release|Any CPU.Build.0 = Release|Any CPU
		{90C06EC2-138A-4122-7D11-C7025E54EF49}.Debug|Any CPU.ActiveCfg = Debug|Any CPU
		{90C06EC2-138A-4122-7D11-C7025E54EF49}.Debug|Any CPU.Build.0 = Debug|Any CPU
		{90C06EC2-138A-4122-7D11-C7025E54EF49}.Release|Any CPU.ActiveCfg = Release|Any CPU
		{90C06EC2-138A-4122-7D11-C7025E54EF49}.Release|Any CPU.Build.0 = Release|Any CPU
	EndGlobalSection
	GlobalSection(SolutionProperties) = preSolution
		HideSolutionNode = FALSE
	EndGlobalSection
	GlobalSection(ExtensibilityGlobals) = postSolution
		SolutionGuid = {22E890C8-18B2-44FD-BDA7-9CD4BB8AFF85}
	EndGlobalSection
EndGlobal
